{
  "name": "smime-example",
  "version": "1.0.0",
  "lockfileVersion": 2,
  "requires": true,
  "packages": {
    "": {
      "version": "1.0.0",
      "license": "ISC",
      "dependencies": {
        "@peculiar/webcrypto": "^1.1.7",
        "@peculiar/x509": "^1.3.0",
        "@types/asn1js": "^2.0.0",
        "@types/node": "^15.6.0",
        "asn1js": "^2.1.1",
        "emailjs-mime-builder": "^2.0.5",
        "emailjs-mime-parser": "^2.0.7",
        "pkijs": "^2.1.95",
        "pvtsutils": "^1.1.7",
        "ts-node": "^10.0.0",
        "typescript": "^4.2.4"
      }
    },
    "node_modules/@peculiar/asn1-cms": {
      "version": "2.0.33",
      "resolved": "https://registry.npmjs.org/@peculiar/asn1-cms/-/asn1-cms-2.0.33.tgz",
      "integrity": "sha512-KPkyNQHAH5K8SB0Ha3jhRHXM3R/6E0F9l0hXNZx2Z1QaTfN8PMAocmFX8aDAJamYQo291YiRv82CXshhNXnm5g==",
      "dependencies": {
        "@peculiar/asn1-schema": "^2.0.32",
        "@peculiar/asn1-x509": "^2.0.32",
        "@peculiar/asn1-x509-attr": "^2.0.32",
        "asn1js": "^2.1.1",
        "tslib": "^2.2.0"
      }
    },
    "node_modules/@peculiar/asn1-csr": {
      "version": "2.0.32",
      "resolved": "https://registry.npmjs.org/@peculiar/asn1-csr/-/asn1-csr-2.0.32.tgz",
      "integrity": "sha512-qTqYJ0hX7u0o5LlUo1v7VavYXbV2E12jLrWZIlV2iAa/6UJMkqytFutVQdodW2J0CQUWmQaO+i9Lmehn/qdadQ==",
      "dependencies": {
        "@peculiar/asn1-schema": "^2.0.32",
        "@peculiar/asn1-x509": "^2.0.32",
        "asn1js": "^2.1.1",
        "tslib": "^2.2.0"
      }
    },
    "node_modules/@peculiar/asn1-ecc": {
      "version": "2.0.32",
      "resolved": "https://registry.npmjs.org/@peculiar/asn1-ecc/-/asn1-ecc-2.0.32.tgz",
      "integrity": "sha512-wAgxYWU+xyTvybTuamsjNXcSBSPL6YkPlcGSQCyDXY/E6bxLaHAmXxADRxrpx3h/snvY5GBm+IDSudy0fKLnoA==",
      "dependencies": {
        "@peculiar/asn1-schema": "^2.0.32",
        "asn1js": "^2.1.1",
        "tslib": "^2.2.0"
      }
    },
    "node_modules/@peculiar/asn1-pfx": {
      "version": "2.0.34",
      "resolved": "https://registry.npmjs.org/@peculiar/asn1-pfx/-/asn1-pfx-2.0.34.tgz",
      "integrity": "sha512-uNRcnV2atiTkK/N1lD1TBBmJ8WUVdZ4KXWPfH7uLMH0Xh/Sy86Iqh3Z9BeHE5iRFcH0+aQ0N+MYorqrozw9EJg==",
      "dependencies": {
        "@peculiar/asn1-cms": "^2.0.33",
        "@peculiar/asn1-pkcs8": "^2.0.32",
        "@peculiar/asn1-rsa": "^2.0.34",
        "@peculiar/asn1-schema": "^2.0.32",
        "asn1js": "^2.1.1",
        "tslib": "^2.2.0"
      }
    },
    "node_modules/@peculiar/asn1-pkcs8": {
      "version": "2.0.32",
      "resolved": "https://registry.npmjs.org/@peculiar/asn1-pkcs8/-/asn1-pkcs8-2.0.32.tgz",
      "integrity": "sha512-+NujIAy9qN20O3AL86D2gPAvaPfe4oipd26dNTE0oH8cHM5bQGPSRB/EkDxWJhUE0zj2MGPCO1Ty2rfraAuTsA==",
      "dependencies": {
        "@peculiar/asn1-schema": "^2.0.32",
        "@peculiar/asn1-x509": "^2.0.32",
        "asn1js": "^2.1.1",
        "tslib": "^2.2.0"
      }
    },
    "node_modules/@peculiar/asn1-pkcs9": {
      "version": "2.0.34",
      "resolved": "https://registry.npmjs.org/@peculiar/asn1-pkcs9/-/asn1-pkcs9-2.0.34.tgz",
      "integrity": "sha512-yX4nD6p6XgOePQX5Sv/fvKMaUo9DUGyQ1yyRR4uaAeR4XT+cFtzButpSNr31dkBnxkH+UHOkvrtlZsYm5GWM+A==",
      "dependencies": {
        "@peculiar/asn1-cms": "^2.0.33",
        "@peculiar/asn1-pfx": "^2.0.34",
        "@peculiar/asn1-pkcs8": "^2.0.32",
        "@peculiar/asn1-schema": "^2.0.32",
        "@peculiar/asn1-x509": "^2.0.32",
        "@peculiar/asn1-x509-attr": "^2.0.32",
        "asn1js": "^2.1.1",
        "tslib": "^2.2.0"
      }
    },
    "node_modules/@peculiar/asn1-rsa": {
      "version": "2.0.34",
      "resolved": "https://registry.npmjs.org/@peculiar/asn1-rsa/-/asn1-rsa-2.0.34.tgz",
      "integrity": "sha512-RTcGsCL8viBBeehJiMKNAsmHF79z2NBvfBhJudC53ID5nkjd+fYcArAsqLMWNTqaYp/XfbpkRT2jiqTLEnFx7A==",
      "dependencies": {
        "@peculiar/asn1-schema": "^2.0.32",
        "@peculiar/asn1-x509": "^2.0.32",
        "asn1js": "^2.1.1",
        "tslib": "^2.2.0"
      }
    },
    "node_modules/@peculiar/asn1-schema": {
      "version": "2.0.32",
      "resolved": "https://registry.npmjs.org/@peculiar/asn1-schema/-/asn1-schema-2.0.32.tgz",
      "integrity": "sha512-JzGUVxOFN+RKslJrGAxcq4l6tEmmLY1XuALHINVxc8BJsB4bXOdZzTvxbN9dCPk65Vbulno0B6DmImZ7I6SO8w==",
      "dependencies": {
        "@types/asn1js": "^2.0.0",
        "asn1js": "^2.1.1",
        "pvtsutils": "^1.1.2",
        "tslib": "^2.2.0"
      }
    },
    "node_modules/@peculiar/asn1-x509": {
      "version": "2.0.32",
      "resolved": "https://registry.npmjs.org/@peculiar/asn1-x509/-/asn1-x509-2.0.32.tgz",
      "integrity": "sha512-8lbtm2nSWOE2M91kC2UAZOw3FnS6D0EROlT09/jhHVXvrtiLO58zhUG/6xHCe/0Not0Y5NGi++fsRv8pGxXc4Q==",
      "dependencies": {
        "@peculiar/asn1-schema": "^2.0.32",
        "asn1js": "^2.1.1",
        "ipaddr.js": "^2.0.0",
        "pvtsutils": "^1.1.2",
        "tslib": "^2.2.0"
      }
    },
    "node_modules/@peculiar/asn1-x509-attr": {
      "version": "2.0.32",
      "resolved": "https://registry.npmjs.org/@peculiar/asn1-x509-attr/-/asn1-x509-attr-2.0.32.tgz",
      "integrity": "sha512-3N89g4U6ZLrBQpnMo58bKGEtEDRWUWAiba3FK2yNritMnIG7iBSkHBbbhHs2LoxoDMKRxCc+LkbIrn6M2+utQg==",
      "dependencies": {
        "@peculiar/asn1-schema": "^2.0.32",
        "@peculiar/asn1-x509": "^2.0.32",
        "asn1js": "^2.1.1",
        "tslib": "^2.2.0"
      }
    },
    "node_modules/@peculiar/json-schema": {
      "version": "1.1.12",
      "resolved": "https://registry.npmjs.org/@peculiar/json-schema/-/json-schema-1.1.12.tgz",
      "integrity": "sha512-coUfuoMeIB7B8/NMekxaDzLhaYmp0HZNPEjYRm9goRou8UZIC3z21s0sL9AWoCw4EG876QyO3kYrc61WNF9B/w==",
      "dependencies": {
        "tslib": "^2.0.0"
      },
      "engines": {
        "node": ">=8.0.0"
      }
    },
    "node_modules/@peculiar/webcrypto": {
      "version": "1.1.7",
      "resolved": "https://registry.npmjs.org/@peculiar/webcrypto/-/webcrypto-1.1.7.tgz",
      "integrity": "sha512-aCNLYdHZkvGH+T8/YBOY33jrVGVuLIa3bpizeHXqwN+P4ZtixhA+kxEEWM1amZwUY2nY/iuj+5jdZn/zB7EPPQ==",
      "dependencies": {
        "@peculiar/asn1-schema": "^2.0.32",
        "@peculiar/json-schema": "^1.1.12",
        "pvtsutils": "^1.1.6",
        "tslib": "^2.2.0",
        "webcrypto-core": "^1.2.0"
      },
      "engines": {
        "node": ">=10.12.0"
      }
    },
    "node_modules/@peculiar/x509": {
      "version": "1.3.0",
      "resolved": "https://registry.npmjs.org/@peculiar/x509/-/x509-1.3.0.tgz",
      "integrity": "sha512-lX5LGRVAm2HkyS6fZiEHxLABCN9JvSsqdjitZxpd2HklS0KOMYT0YhwhhvaZ2SLpZtMtwy1nt47JXRAr6hDk1g==",
      "dependencies": {
        "@peculiar/asn1-cms": "^2.0.32",
        "@peculiar/asn1-csr": "^2.0.32",
        "@peculiar/asn1-ecc": "^2.0.32",
        "@peculiar/asn1-pkcs9": "^2.0.32",
        "@peculiar/asn1-rsa": "^2.0.32",
        "@peculiar/asn1-schema": "^2.0.32",
        "@peculiar/asn1-x509": "^2.0.32",
        "pvtsutils": "^1.1.5",
        "reflect-metadata": "^0.1.13",
        "tslib": "^2.2.0",
        "tsyringe": "^4.5.0"
      }
    },
    "node_modules/@tsconfig/node10": {
      "version": "1.0.7",
      "resolved": "https://registry.npmjs.org/@tsconfig/node10/-/node10-1.0.7.tgz",
      "integrity": "sha512-aBvUmXLQbayM4w3A8TrjwrXs4DZ8iduJnuJLLRGdkWlyakCf1q6uHZJBzXoRA/huAEknG5tcUyQxN3A+In5euQ=="
    },
    "node_modules/@tsconfig/node12": {
      "version": "1.0.7",
      "resolved": "https://registry.npmjs.org/@tsconfig/node12/-/node12-1.0.7.tgz",
      "integrity": "sha512-dgasobK/Y0wVMswcipr3k0HpevxFJLijN03A8mYfEPvWvOs14v0ZlYTR4kIgMx8g4+fTyTFv8/jLCIfRqLDJ4A=="
    },
    "node_modules/@tsconfig/node14": {
      "version": "1.0.0",
      "resolved": "https://registry.npmjs.org/@tsconfig/node14/-/node14-1.0.0.tgz",
      "integrity": "sha512-RKkL8eTdPv6t5EHgFKIVQgsDapugbuOptNd9OOunN/HAkzmmTnZELx1kNCK0rSdUYGmiFMM3rRQMAWiyp023LQ=="
    },
    "node_modules/@tsconfig/node16": {
      "version": "1.0.1",
      "resolved": "https://registry.npmjs.org/@tsconfig/node16/-/node16-1.0.1.tgz",
      "integrity": "sha512-FTgBI767POY/lKNDNbIzgAX6miIDBs6NTCbdlDb8TrWovHsSvaVIZDlTqym29C6UqhzwcJx4CYr+AlrMywA0cA=="
    },
    "node_modules/@types/asn1js": {
      "version": "2.0.0",
      "resolved": "https://registry.npmjs.org/@types/asn1js/-/asn1js-2.0.0.tgz",
      "integrity": "sha512-Jjzp5EqU0hNpADctc/UqhiFbY1y2MqIxBVa2S4dBlbnZHTLPMuggoL5q43X63LpsOIINRDirBjP56DUUKIUWIA=="
    },
    "node_modules/@types/node": {
      "version": "15.6.0",
      "resolved": "https://registry.npmjs.org/@types/node/-/node-15.6.0.tgz",
      "integrity": "sha512-gCYSfQpy+LYhOFTKAeE8BkyGqaxmlFxe+n4DKM6DR0wzw/HISUE/hAmkC/KT8Sw5PCJblqg062b3z9gucv3k0A=="
    },
    "node_modules/arg": {
      "version": "4.1.3",
      "resolved": "https://registry.npmjs.org/arg/-/arg-4.1.3.tgz",
      "integrity": "sha512-58S9QDqG0Xx27YwPSt9fJxivjYl432YCwfDMfZ+71RAqUrZef7LrKQZ3LHLOwCS4FLNBplP533Zx895SeOCHvA=="
    },
    "node_modules/asn1js": {
      "version": "2.1.1",
      "resolved": "https://registry.npmjs.org/asn1js/-/asn1js-2.1.1.tgz",
      "integrity": "sha512-t9u0dU0rJN4ML+uxgN6VM2Z4H5jWIYm0w8LsZLzMJaQsgL3IJNbxHgmbWDvJAwspyHpDFuzUaUFh4c05UB4+6g==",
      "dependencies": {
        "pvutils": "latest"
      },
      "engines": {
        "node": ">=6.0.0"
      }
    },
    "node_modules/buffer-from": {
      "version": "1.1.1",
      "resolved": "https://registry.npmjs.org/buffer-from/-/buffer-from-1.1.1.tgz",
      "integrity": "sha512-MQcXEUbCKtEo7bhqEs6560Hyd4XaovZlO/k9V3hjVUF/zwW7KBVdSK4gIt/bzwS9MbR5qob+F5jusZsb0YQK2A=="
    },
    "node_modules/bytestreamjs": {
      "version": "1.0.29",
      "resolved": "https://registry.npmjs.org/bytestreamjs/-/bytestreamjs-1.0.29.tgz",
      "integrity": "sha512-Mri3yqoo9YvdaSvD5OYl4Rdu9zCBJInW/Ez31sdlNY4ikMy//EvTTmidfLcs0e+NBvKVEpPzYvJAesjgMdjnZg==",
      "engines": {
        "node": ">=6.0.0"
      }
    },
    "node_modules/create-require": {
      "version": "1.1.1",
      "resolved": "https://registry.npmjs.org/create-require/-/create-require-1.1.1.tgz",
      "integrity": "sha512-dcKFX3jn0MpIaXjisoRvexIJVEKzaq7z2rZKxf+MSr9TkdmHmsU4m2lcLojrj/FHl8mk5VxMmYA+ftRkP/3oKQ=="
    },
    "node_modules/diff": {
      "version": "4.0.2",
      "resolved": "https://registry.npmjs.org/diff/-/diff-4.0.2.tgz",
      "integrity": "sha512-58lmxKSA4BNyLz+HHMUzlOEpg09FV+ev6ZMe3vJihgdxzgcwZ8VoEEPmALCZG9LmqfVoNMMKpttIYTVG6uDY7A==",
      "engines": {
        "node": ">=0.3.1"
      }
    },
    "node_modules/emailjs-addressparser": {
      "version": "2.0.2",
      "resolved": "https://registry.npmjs.org/emailjs-addressparser/-/emailjs-addressparser-2.0.2.tgz",
      "integrity": "sha512-E6ztFf1ePtZEwqfN3aWsvZNcpBeDqgJbVL4D32dckHkcwdhJ1bhlE4MLvHBf/IoXQmJBgkKlwGP5/5l11EE5OQ=="
    },
    "node_modules/emailjs-base64": {
      "version": "1.1.4",
      "resolved": "https://registry.npmjs.org/emailjs-base64/-/emailjs-base64-1.1.4.tgz",
      "integrity": "sha512-4h0xp1jgVTnIQBHxSJWXWanNnmuc5o+k4aHEpcLXSToN8asjB5qbXAexs7+PEsUKcEyBteNYsSvXUndYT2CGGA=="
    },
    "node_modules/emailjs-mime-builder": {
      "version": "2.0.5",
      "resolved": "https://registry.npmjs.org/emailjs-mime-builder/-/emailjs-mime-builder-2.0.5.tgz",
      "integrity": "sha512-fkaUn6IA4onX3SmVpqvVTlkdrusM9lq+xnrA24euyMUga2B44Ue0ftE48aSNveEWPgGLtHfSd04lGWhT2/AOpw==",
      "deprecated": "This project is no longer maintained. Please use nodemailer for sending emails in nodejs.",
      "dependencies": {
        "emailjs-addressparser": "^2.0.2",
        "emailjs-mime-codec": "^2.0.5",
        "emailjs-mime-types": "^2.0.0",
        "punycode": "1.4.1",
        "ramda": "^0.25.0"
      }
    },
    "node_modules/emailjs-mime-codec": {
      "version": "2.0.9",
      "resolved": "https://registry.npmjs.org/emailjs-mime-codec/-/emailjs-mime-codec-2.0.9.tgz",
      "integrity": "sha512-7qJo4pFGcKlWh/kCeNjmcgj34YoJWY0ekZXEHYtluWg4MVBnXqGM4CRMtZQkfYwitOhUgaKN5EQktJddi/YIDQ==",
      "dependencies": {
        "emailjs-base64": "^1.1.4",
        "ramda": "^0.26.1",
        "text-encoding": "^0.7.0"
      }
    },
    "node_modules/emailjs-mime-codec/node_modules/ramda": {
      "version": "0.26.1",
      "resolved": "https://registry.npmjs.org/ramda/-/ramda-0.26.1.tgz",
      "integrity": "sha512-hLWjpy7EnsDBb0p+Z3B7rPi3GDeRG5ZtiI33kJhTt+ORCd38AbAIjB/9zRIUoeTbE/AVX5ZkU7m6bznsvrf8eQ=="
    },
    "node_modules/emailjs-mime-parser": {
      "version": "2.0.7",
      "resolved": "https://registry.npmjs.org/emailjs-mime-parser/-/emailjs-mime-parser-2.0.7.tgz",
      "integrity": "sha512-rOrRtAzq0OVLrxbTkRLyrtoY/YQldPgIzAk6lcD3LfXR0Gw3+PzsN2rO1QENY+cIQD94vYr2t2Ri0Zxlc9aeew==",
      "dependencies": {
        "emailjs-addressparser": "^2.0.1",
        "emailjs-mime-codec": "^2.0.8",
        "ramda": "^0.26.1"
      }
    },
    "node_modules/emailjs-mime-parser/node_modules/ramda": {
      "version": "0.26.1",
      "resolved": "https://registry.npmjs.org/ramda/-/ramda-0.26.1.tgz",
      "integrity": "sha512-hLWjpy7EnsDBb0p+Z3B7rPi3GDeRG5ZtiI33kJhTt+ORCd38AbAIjB/9zRIUoeTbE/AVX5ZkU7m6bznsvrf8eQ=="
    },
    "node_modules/emailjs-mime-types": {
      "version": "2.1.0",
      "resolved": "https://registry.npmjs.org/emailjs-mime-types/-/emailjs-mime-types-2.1.0.tgz",
      "integrity": "sha512-vlmgTAE3cya0GHoqHYgvmzG342sKGsHhddJhOSqXIZM0V7kjUAKxXmol3NTyeuHltggCp6HJT3NRqJuDkchCrw==",
      "deprecated": "This project is no longer maintained. Please use nodemailer for sending emails in nodejs."
    },
    "node_modules/ipaddr.js": {
      "version": "2.0.0",
      "resolved": "https://registry.npmjs.org/ipaddr.js/-/ipaddr.js-2.0.0.tgz",
      "integrity": "sha512-S54H9mIj0rbxRIyrDMEuuER86LdlgUg9FSeZ8duQb6CUG2iRrA36MYVQBSprTF/ZeAwvyQ5mDGuNvIPM0BIl3w==",
      "engines": {
        "node": ">= 10"
      }
    },
    "node_modules/make-error": {
      "version": "1.3.6",
      "resolved": "https://registry.npmjs.org/make-error/-/make-error-1.3.6.tgz",
      "integrity": "sha512-s8UhlNe7vPKomQhC1qFelMokr/Sc3AgNbso3n74mVPA5LTZwkB9NlXf4XPamLxJE8h0gh73rM94xvwRT2CVInw=="
    },
    "node_modules/pkijs": {
      "version": "2.1.95",
      "resolved": "https://registry.npmjs.org/pkijs/-/pkijs-2.1.95.tgz",
      "integrity": "sha512-e+lKETqg/YA1LdX+ld5tTr0VFDWI72XlZc87IGNaMsJX3aVDIC8kBAYOO4agCNSbpUAqjqLMRW5F0R5YQk9Z+Q==",
      "dependencies": {
        "asn1js": "^2.1.1",
        "bytestreamjs": "^1.0.29",
        "pvutils": "^1.0.17"
      },
      "engines": {
        "node": ">=6.0.0"
      }
    },
    "node_modules/punycode": {
      "version": "1.4.1",
      "resolved": "https://registry.npmjs.org/punycode/-/punycode-1.4.1.tgz",
      "integrity": "sha1-wNWmOycYgArY4esPpSachN1BhF4="
    },
    "node_modules/pvtsutils": {
      "version": "1.1.7",
      "resolved": "https://registry.npmjs.org/pvtsutils/-/pvtsutils-1.1.7.tgz",
      "integrity": "sha512-faOiD/XpB/cIebRzYwzYjCmYgiDd53YEBni+Mt1+8/HlrARHYBpsU2OHOt3EZ1ZhfRNxPL0dH3K/vKaMgNWVGA==",
      "dependencies": {
        "tslib": "^2.2.0"
      }
    },
    "node_modules/pvutils": {
      "version": "1.0.17",
      "resolved": "https://registry.npmjs.org/pvutils/-/pvutils-1.0.17.tgz",
      "integrity": "sha512-wLHYUQxWaXVQvKnwIDWFVKDJku9XDCvyhhxoq8dc5MFdIlRenyPI9eSfEtcvgHgD7FlvCyGAlWgOzRnZD99GZQ==",
      "engines": {
        "node": ">=6.0.0"
      }
    },
    "node_modules/ramda": {
      "version": "0.25.0",
      "resolved": "https://registry.npmjs.org/ramda/-/ramda-0.25.0.tgz",
      "integrity": "sha512-GXpfrYVPwx3K7RQ6aYT8KPS8XViSXUVJT1ONhoKPE9VAleW42YE+U+8VEyGWt41EnEQW7gwecYJriTI0pKoecQ=="
    },
    "node_modules/reflect-metadata": {
      "version": "0.1.13",
      "resolved": "https://registry.npmjs.org/reflect-metadata/-/reflect-metadata-0.1.13.tgz",
      "integrity": "sha512-Ts1Y/anZELhSsjMcU605fU9RE4Oi3p5ORujwbIKXfWa+0Zxs510Qrmrce5/Jowq3cHSZSJqBjypxmHarc+vEWg=="
    },
    "node_modules/source-map": {
      "version": "0.6.1",
      "resolved": "https://registry.npmjs.org/source-map/-/source-map-0.6.1.tgz",
      "integrity": "sha512-UjgapumWlbMhkBgzT7Ykc5YXUT46F0iKu8SGXq0bcwP5dz/h0Plj6enJqjz1Zbq2l5WaqYnrVbwWOWMyF3F47g==",
      "engines": {
        "node": ">=0.10.0"
      }
    },
    "node_modules/source-map-support": {
      "version": "0.5.19",
      "resolved": "https://registry.npmjs.org/source-map-support/-/source-map-support-0.5.19.tgz",
      "integrity": "sha512-Wonm7zOCIJzBGQdB+thsPar0kYuCIzYvxZwlBa87yi/Mdjv7Tip2cyVbLj5o0cFPN4EVkuTwb3GDDyUx2DGnGw==",
      "dependencies": {
        "buffer-from": "^1.0.0",
        "source-map": "^0.6.0"
      }
    },
    "node_modules/text-encoding": {
      "version": "0.7.0",
      "resolved": "https://registry.npmjs.org/text-encoding/-/text-encoding-0.7.0.tgz",
      "integrity": "sha512-oJQ3f1hrOnbRLOcwKz0Liq2IcrvDeZRHXhd9RgLrsT+DjWY/nty1Hi7v3dtkaEYbPYe0mUoOfzRrMwfXXwgPUA==",
      "deprecated": "no longer maintained"
    },
    "node_modules/ts-node": {
      "version": "10.0.0",
      "resolved": "https://registry.npmjs.org/ts-node/-/ts-node-10.0.0.tgz",
      "integrity": "sha512-ROWeOIUvfFbPZkoDis0L/55Fk+6gFQNZwwKPLinacRl6tsxstTF1DbAcLKkovwnpKMVvOMHP1TIbnwXwtLg1gg==",
      "dependencies": {
        "@tsconfig/node10": "^1.0.7",
        "@tsconfig/node12": "^1.0.7",
        "@tsconfig/node14": "^1.0.0",
        "@tsconfig/node16": "^1.0.1",
        "arg": "^4.1.0",
        "create-require": "^1.1.0",
        "diff": "^4.0.1",
        "make-error": "^1.1.1",
        "source-map-support": "^0.5.17",
        "yn": "3.1.1"
      },
      "bin": {
        "ts-node": "dist/bin.js",
        "ts-node-cwd": "dist/bin-cwd.js",
        "ts-node-script": "dist/bin-script.js",
        "ts-node-transpile-only": "dist/bin-transpile.js",
        "ts-script": "dist/bin-script-deprecated.js"
      },
      "engines": {
        "node": ">=12.0.0"
      },
      "peerDependencies": {
        "@swc/core": ">=1.2.45",
        "@swc/wasm": ">=1.2.45",
        "@types/node": "*",
        "typescript": ">=2.7"
      },
      "peerDependenciesMeta": {
        "@swc/core": {
          "optional": true
        },
        "@swc/wasm": {
          "optional": true
        }
      }
    },
    "node_modules/tslib": {
      "version": "2.2.0",
      "resolved": "https://registry.npmjs.org/tslib/-/tslib-2.2.0.tgz",
      "integrity": "sha512-gS9GVHRU+RGn5KQM2rllAlR3dU6m7AcpJKdtH8gFvQiC4Otgk98XnmMU+nZenHt/+VhnBPWwgrJsyrdcw6i23w=="
    },
    "node_modules/tsyringe": {
      "version": "4.5.0",
      "resolved": "https://registry.npmjs.org/tsyringe/-/tsyringe-4.5.0.tgz",
      "integrity": "sha512-XvYgdUxkmGQfpCkKyr/ybJx71OLSnNec1SO0xdohMjaS2UOEyKi76YfKx92XUXgc1TocypHENg6y4wCyYyMKag==",
      "dependencies": {
        "tslib": "^1.9.3"
      },
      "engines": {
        "node": ">= 6.0.0"
      }
    },
    "node_modules/tsyringe/node_modules/tslib": {
      "version": "1.14.1",
      "resolved": "https://registry.npmjs.org/tslib/-/tslib-1.14.1.tgz",
      "integrity": "sha512-Xni35NKzjgMrwevysHTCArtLDpPvye8zV/0E4EyYn43P7/7qvQwPh9BGkHewbMulVntbigmcT7rdX3BNo9wRJg=="
    },
    "node_modules/typescript": {
      "version": "4.2.4",
      "resolved": "https://registry.npmjs.org/typescript/-/typescript-4.2.4.tgz",
      "integrity": "sha512-V+evlYHZnQkaz8TRBuxTA92yZBPotr5H+WhQ7bD3hZUndx5tGOa1fuCgeSjxAzM1RiN5IzvadIXTVefuuwZCRg==",
      "bin": {
        "tsc": "bin/tsc",
        "tsserver": "bin/tsserver"
      },
      "engines": {
        "node": ">=4.2.0"
      }
    },
    "node_modules/webcrypto-core": {
      "version": "1.2.0",
      "resolved": "https://registry.npmjs.org/webcrypto-core/-/webcrypto-core-1.2.0.tgz",
      "integrity": "sha512-p76Z/YLuE4CHCRdc49FB/ETaM4bzM3roqWNJeGs+QNY1fOTzKTOVnhmudW1fuO+5EZg6/4LG9NJ6gaAyxTk9XQ==",
      "dependencies": {
        "@peculiar/asn1-schema": "^2.0.27",
        "@peculiar/json-schema": "^1.1.12",
        "asn1js": "^2.0.26",
        "pvtsutils": "^1.1.2",
        "tslib": "^2.1.0"
      }
    },
    "node_modules/yn": {
      "version": "3.1.1",
      "resolved": "https://registry.npmjs.org/yn/-/yn-3.1.1.tgz",
      "integrity": "sha512-Ux4ygGWsu2c7isFWe8Yu1YluJmqVhxqK2cLXNQA5AcC3QfbGNpM7fu0Y8b/z16pXLnFxZYvWhd3fhBY9DLmC6Q==",
      "engines": {
        "node": ">=6"
      }
    }
  },
  "dependencies": {
    "@peculiar/asn1-cms": {
      "version": "2.0.33",
      "resolved": "https://registry.npmjs.org/@peculiar/asn1-cms/-/asn1-cms-2.0.33.tgz",
      "integrity": "sha512-KPkyNQHAH5K8SB0Ha3jhRHXM3R/6E0F9l0hXNZx2Z1QaTfN8PMAocmFX8aDAJamYQo291YiRv82CXshhNXnm5g==",
      "requires": {
        "@peculiar/asn1-schema": "^2.0.32",
        "@peculiar/asn1-x509": "^2.0.32",
        "@peculiar/asn1-x509-attr": "^2.0.32",
        "asn1js": "^2.1.1",
        "tslib": "^2.2.0"
      }
    },
    "@peculiar/asn1-csr": {
      "version": "2.0.32",
      "resolved": "https://registry.npmjs.org/@peculiar/asn1-csr/-/asn1-csr-2.0.32.tgz",
      "integrity": "sha512-qTqYJ0hX7u0o5LlUo1v7VavYXbV2E12jLrWZIlV2iAa/6UJMkqytFutVQdodW2J0CQUWmQaO+i9Lmehn/qdadQ==",
      "requires": {
        "@peculiar/asn1-schema": "^2.0.32",
        "@peculiar/asn1-x509": "^2.0.32",
        "asn1js": "^2.1.1",
        "tslib": "^2.2.0"
      }
    },
    "@peculiar/asn1-ecc": {
      "version": "2.0.32",
      "resolved": "https://registry.npmjs.org/@peculiar/asn1-ecc/-/asn1-ecc-2.0.32.tgz",
      "integrity": "sha512-wAgxYWU+xyTvybTuamsjNXcSBSPL6YkPlcGSQCyDXY/E6bxLaHAmXxADRxrpx3h/snvY5GBm+IDSudy0fKLnoA==",
      "requires": {
        "@peculiar/asn1-schema": "^2.0.32",
        "asn1js": "^2.1.1",
        "tslib": "^2.2.0"
      }
    },
    "@peculiar/asn1-pfx": {
      "version": "2.0.34",
      "resolved": "https://registry.npmjs.org/@peculiar/asn1-pfx/-/asn1-pfx-2.0.34.tgz",
      "integrity": "sha512-uNRcnV2atiTkK/N1lD1TBBmJ8WUVdZ4KXWPfH7uLMH0Xh/Sy86Iqh3Z9BeHE5iRFcH0+aQ0N+MYorqrozw9EJg==",
      "requires": {
        "@peculiar/asn1-cms": "^2.0.33",
        "@peculiar/asn1-pkcs8": "^2.0.32",
        "@peculiar/asn1-rsa": "^2.0.34",
        "@peculiar/asn1-schema": "^2.0.32",
        "asn1js": "^2.1.1",
        "tslib": "^2.2.0"
      }
    },
    "@peculiar/asn1-pkcs8": {
      "version": "2.0.32",
      "resolved": "https://registry.npmjs.org/@peculiar/asn1-pkcs8/-/asn1-pkcs8-2.0.32.tgz",
      "integrity": "sha512-+NujIAy9qN20O3AL86D2gPAvaPfe4oipd26dNTE0oH8cHM5bQGPSRB/EkDxWJhUE0zj2MGPCO1Ty2rfraAuTsA==",
      "requires": {
        "@peculiar/asn1-schema": "^2.0.32",
        "@peculiar/asn1-x509": "^2.0.32",
        "asn1js": "^2.1.1",
        "tslib": "^2.2.0"
      }
    },
    "@peculiar/asn1-pkcs9": {
      "version": "2.0.34",
      "resolved": "https://registry.npmjs.org/@peculiar/asn1-pkcs9/-/asn1-pkcs9-2.0.34.tgz",
      "integrity": "sha512-yX4nD6p6XgOePQX5Sv/fvKMaUo9DUGyQ1yyRR4uaAeR4XT+cFtzButpSNr31dkBnxkH+UHOkvrtlZsYm5GWM+A==",
      "requires": {
        "@peculiar/asn1-cms": "^2.0.33",
        "@peculiar/asn1-pfx": "^2.0.34",
        "@peculiar/asn1-pkcs8": "^2.0.32",
        "@peculiar/asn1-schema": "^2.0.32",
        "@peculiar/asn1-x509": "^2.0.32",
        "@peculiar/asn1-x509-attr": "^2.0.32",
        "asn1js": "^2.1.1",
        "tslib": "^2.2.0"
      }
    },
    "@peculiar/asn1-rsa": {
      "version": "2.0.34",
      "resolved": "https://registry.npmjs.org/@peculiar/asn1-rsa/-/asn1-rsa-2.0.34.tgz",
      "integrity": "sha512-RTcGsCL8viBBeehJiMKNAsmHF79z2NBvfBhJudC53ID5nkjd+fYcArAsqLMWNTqaYp/XfbpkRT2jiqTLEnFx7A==",
      "requires": {
        "@peculiar/asn1-schema": "^2.0.32",
        "@peculiar/asn1-x509": "^2.0.32",
        "asn1js": "^2.1.1",
        "tslib": "^2.2.0"
      }
    },
    "@peculiar/asn1-schema": {
      "version": "2.0.32",
      "resolved": "https://registry.npmjs.org/@peculiar/asn1-schema/-/asn1-schema-2.0.32.tgz",
      "integrity": "sha512-JzGUVxOFN+RKslJrGAxcq4l6tEmmLY1XuALHINVxc8BJsB4bXOdZzTvxbN9dCPk65Vbulno0B6DmImZ7I6SO8w==",
      "requires": {
        "@types/asn1js": "^2.0.0",
        "asn1js": "^2.1.1",
        "pvtsutils": "^1.1.2",
        "tslib": "^2.2.0"
      }
    },
    "@peculiar/asn1-x509": {
      "version": "2.0.32",
      "resolved": "https://registry.npmjs.org/@peculiar/asn1-x509/-/asn1-x509-2.0.32.tgz",
      "integrity": "sha512-8lbtm2nSWOE2M91kC2UAZOw3FnS6D0EROlT09/jhHVXvrtiLO58zhUG/6xHCe/0Not0Y5NGi++fsRv8pGxXc4Q==",
      "requires": {
        "@peculiar/asn1-schema": "^2.0.32",
        "asn1js": "^2.1.1",
        "ipaddr.js": "^2.0.0",
        "pvtsutils": "^1.1.2",
        "tslib": "^2.2.0"
      }
    },
    "@peculiar/asn1-x509-attr": {
      "version": "2.0.32",
      "resolved": "https://registry.npmjs.org/@peculiar/asn1-x509-attr/-/asn1-x509-attr-2.0.32.tgz",
      "integrity": "sha512-3N89g4U6ZLrBQpnMo58bKGEtEDRWUWAiba3FK2yNritMnIG7iBSkHBbbhHs2LoxoDMKRxCc+LkbIrn6M2+utQg==",
      "requires": {
        "@peculiar/asn1-schema": "^2.0.32",
        "@peculiar/asn1-x509": "^2.0.32",
        "asn1js": "^2.1.1",
        "tslib": "^2.2.0"
      }
    },
    "@peculiar/json-schema": {
      "version": "1.1.12",
      "resolved": "https://registry.npmjs.org/@peculiar/json-schema/-/json-schema-1.1.12.tgz",
      "integrity": "sha512-coUfuoMeIB7B8/NMekxaDzLhaYmp0HZNPEjYRm9goRou8UZIC3z21s0sL9AWoCw4EG876QyO3kYrc61WNF9B/w==",
      "requires": {
        "tslib": "^2.0.0"
      }
    },
    "@peculiar/webcrypto": {
      "version": "1.1.7",
      "resolved": "https://registry.npmjs.org/@peculiar/webcrypto/-/webcrypto-1.1.7.tgz",
      "integrity": "sha512-aCNLYdHZkvGH+T8/YBOY33jrVGVuLIa3bpizeHXqwN+P4ZtixhA+kxEEWM1amZwUY2nY/iuj+5jdZn/zB7EPPQ==",
      "requires": {
        "@peculiar/asn1-schema": "^2.0.32",
        "@peculiar/json-schema": "^1.1.12",
        "pvtsutils": "^1.1.6",
        "tslib": "^2.2.0",
        "webcrypto-core": "^1.2.0"
      }
    },
    "@peculiar/x509": {
      "version": "1.3.0",
      "resolved": "https://registry.npmjs.org/@peculiar/x509/-/x509-1.3.0.tgz",
      "integrity": "sha512-lX5LGRVAm2HkyS6fZiEHxLABCN9JvSsqdjitZxpd2HklS0KOMYT0YhwhhvaZ2SLpZtMtwy1nt47JXRAr6hDk1g==",
      "requires": {
        "@peculiar/asn1-cms": "^2.0.32",
        "@peculiar/asn1-csr": "^2.0.32",
        "@peculiar/asn1-ecc": "^2.0.32",
        "@peculiar/asn1-pkcs9": "^2.0.32",
        "@peculiar/asn1-rsa": "^2.0.32",
        "@peculiar/asn1-schema": "^2.0.32",
        "@peculiar/asn1-x509": "^2.0.32",
        "pvtsutils": "^1.1.5",
        "reflect-metadata": "^0.1.13",
        "tslib": "^2.2.0",
        "tsyringe": "^4.5.0"
      }
    },
    "@tsconfig/node10": {
      "version": "1.0.7",
      "resolved": "https://registry.npmjs.org/@tsconfig/node10/-/node10-1.0.7.tgz",
      "integrity": "sha512-aBvUmXLQbayM4w3A8TrjwrXs4DZ8iduJnuJLLRGdkWlyakCf1q6uHZJBzXoRA/huAEknG5tcUyQxN3A+In5euQ=="
    },
    "@tsconfig/node12": {
      "version": "1.0.7",
      "resolved": "https://registry.npmjs.org/@tsconfig/node12/-/node12-1.0.7.tgz",
      "integrity": "sha512-dgasobK/Y0wVMswcipr3k0HpevxFJLijN03A8mYfEPvWvOs14v0ZlYTR4kIgMx8g4+fTyTFv8/jLCIfRqLDJ4A=="
    },
    "@tsconfig/node14": {
      "version": "1.0.0",
      "resolved": "https://registry.npmjs.org/@tsconfig/node14/-/node14-1.0.0.tgz",
      "integrity": "sha512-RKkL8eTdPv6t5EHgFKIVQgsDapugbuOptNd9OOunN/HAkzmmTnZELx1kNCK0rSdUYGmiFMM3rRQMAWiyp023LQ=="
    },
    "@tsconfig/node16": {
      "version": "1.0.1",
      "resolved": "https://registry.npmjs.org/@tsconfig/node16/-/node16-1.0.1.tgz",
      "integrity": "sha512-FTgBI767POY/lKNDNbIzgAX6miIDBs6NTCbdlDb8TrWovHsSvaVIZDlTqym29C6UqhzwcJx4CYr+AlrMywA0cA=="
    },
    "@types/asn1js": {
      "version": "2.0.0",
      "resolved": "https://registry.npmjs.org/@types/asn1js/-/asn1js-2.0.0.tgz",
      "integrity": "sha512-Jjzp5EqU0hNpADctc/UqhiFbY1y2MqIxBVa2S4dBlbnZHTLPMuggoL5q43X63LpsOIINRDirBjP56DUUKIUWIA=="
    },
    "@types/node": {
      "version": "15.6.0",
      "resolved": "https://registry.npmjs.org/@types/node/-/node-15.6.0.tgz",
      "integrity": "sha512-gCYSfQpy+LYhOFTKAeE8BkyGqaxmlFxe+n4DKM6DR0wzw/HISUE/hAmkC/KT8Sw5PCJblqg062b3z9gucv3k0A=="
    },
    "arg": {
      "version": "4.1.3",
      "resolved": "https://registry.npmjs.org/arg/-/arg-4.1.3.tgz",
      "integrity": "sha512-58S9QDqG0Xx27YwPSt9fJxivjYl432YCwfDMfZ+71RAqUrZef7LrKQZ3LHLOwCS4FLNBplP533Zx895SeOCHvA=="
    },
    "asn1js": {
      "version": "2.1.1",
      "resolved": "https://registry.npmjs.org/asn1js/-/asn1js-2.1.1.tgz",
      "integrity": "sha512-t9u0dU0rJN4ML+uxgN6VM2Z4H5jWIYm0w8LsZLzMJaQsgL3IJNbxHgmbWDvJAwspyHpDFuzUaUFh4c05UB4+6g==",
      "requires": {
        "pvutils": "latest"
      }
    },
    "buffer-from": {
      "version": "1.1.1",
      "resolved": "https://registry.npmjs.org/buffer-from/-/buffer-from-1.1.1.tgz",
      "integrity": "sha512-MQcXEUbCKtEo7bhqEs6560Hyd4XaovZlO/k9V3hjVUF/zwW7KBVdSK4gIt/bzwS9MbR5qob+F5jusZsb0YQK2A=="
    },
    "bytestreamjs": {
      "version": "1.0.29",
      "resolved": "https://registry.npmjs.org/bytestreamjs/-/bytestreamjs-1.0.29.tgz",
      "integrity": "sha512-Mri3yqoo9YvdaSvD5OYl4Rdu9zCBJInW/Ez31sdlNY4ikMy//EvTTmidfLcs0e+NBvKVEpPzYvJAesjgMdjnZg=="
    },
    "create-require": {
      "version": "1.1.1",
      "resolved": "https://registry.npmjs.org/create-require/-/create-require-1.1.1.tgz",
      "integrity": "sha512-dcKFX3jn0MpIaXjisoRvexIJVEKzaq7z2rZKxf+MSr9TkdmHmsU4m2lcLojrj/FHl8mk5VxMmYA+ftRkP/3oKQ=="
    },
    "diff": {
      "version": "4.0.2",
      "resolved": "https://registry.npmjs.org/diff/-/diff-4.0.2.tgz",
      "integrity": "sha512-58lmxKSA4BNyLz+HHMUzlOEpg09FV+ev6ZMe3vJihgdxzgcwZ8VoEEPmALCZG9LmqfVoNMMKpttIYTVG6uDY7A=="
    },
    "emailjs-addressparser": {
      "version": "2.0.2",
      "resolved": "https://registry.npmjs.org/emailjs-addressparser/-/emailjs-addressparser-2.0.2.tgz",
      "integrity": "sha512-E6ztFf1ePtZEwqfN3aWsvZNcpBeDqgJbVL4D32dckHkcwdhJ1bhlE4MLvHBf/IoXQmJBgkKlwGP5/5l11EE5OQ=="
    },
    "emailjs-base64": {
      "version": "1.1.4",
      "resolved": "https://registry.npmjs.org/emailjs-base64/-/emailjs-base64-1.1.4.tgz",
      "integrity": "sha512-4h0xp1jgVTnIQBHxSJWXWanNnmuc5o+k4aHEpcLXSToN8asjB5qbXAexs7+PEsUKcEyBteNYsSvXUndYT2CGGA=="
    },
    "emailjs-mime-builder": {
      "version": "2.0.5",
      "resolved": "https://registry.npmjs.org/emailjs-mime-builder/-/emailjs-mime-builder-2.0.5.tgz",
      "integrity": "sha512-fkaUn6IA4onX3SmVpqvVTlkdrusM9lq+xnrA24euyMUga2B44Ue0ftE48aSNveEWPgGLtHfSd04lGWhT2/AOpw==",
      "requires": {
        "emailjs-addressparser": "^2.0.2",
        "emailjs-mime-codec": "^2.0.5",
        "emailjs-mime-types": "^2.0.0",
        "punycode": "1.4.1",
        "ramda": "^0.25.0"
      }
    },
    "emailjs-mime-codec": {
      "version": "2.0.9",
      "resolved": "https://registry.npmjs.org/emailjs-mime-codec/-/emailjs-mime-codec-2.0.9.tgz",
      "integrity": "sha512-7qJo4pFGcKlWh/kCeNjmcgj34YoJWY0ekZXEHYtluWg4MVBnXqGM4CRMtZQkfYwitOhUgaKN5EQktJddi/YIDQ==",
      "requires": {
        "emailjs-base64": "^1.1.4",
        "ramda": "^0.26.1",
        "text-encoding": "^0.7.0"
      },
      "dependencies": {
        "ramda": {
          "version": "0.26.1",
          "resolved": "https://registry.npmjs.org/ramda/-/ramda-0.26.1.tgz",
          "integrity": "sha512-hLWjpy7EnsDBb0p+Z3B7rPi3GDeRG5ZtiI33kJhTt+ORCd38AbAIjB/9zRIUoeTbE/AVX5ZkU7m6bznsvrf8eQ=="
        }
      }
    },
    "emailjs-mime-parser": {
      "version": "2.0.7",
      "resolved": "https://registry.npmjs.org/emailjs-mime-parser/-/emailjs-mime-parser-2.0.7.tgz",
      "integrity": "sha512-rOrRtAzq0OVLrxbTkRLyrtoY/YQldPgIzAk6lcD3LfXR0Gw3+PzsN2rO1QENY+cIQD94vYr2t2Ri0Zxlc9aeew==",
      "requires": {
        "emailjs-addressparser": "^2.0.1",
        "emailjs-mime-codec": "^2.0.8",
        "ramda": "^0.26.1"
      },
      "dependencies": {
        "ramda": {
          "version": "0.26.1",
          "resolved": "https://registry.npmjs.org/ramda/-/ramda-0.26.1.tgz",
          "integrity": "sha512-hLWjpy7EnsDBb0p+Z3B7rPi3GDeRG5ZtiI33kJhTt+ORCd38AbAIjB/9zRIUoeTbE/AVX5ZkU7m6bznsvrf8eQ=="
        }
      }
    },
    "emailjs-mime-types": {
      "version": "2.1.0",
      "resolved": "https://registry.npmjs.org/emailjs-mime-types/-/emailjs-mime-types-2.1.0.tgz",
      "integrity": "sha512-vlmgTAE3cya0GHoqHYgvmzG342sKGsHhddJhOSqXIZM0V7kjUAKxXmol3NTyeuHltggCp6HJT3NRqJuDkchCrw=="
    },
    "ipaddr.js": {
      "version": "2.0.0",
      "resolved": "https://registry.npmjs.org/ipaddr.js/-/ipaddr.js-2.0.0.tgz",
      "integrity": "sha512-S54H9mIj0rbxRIyrDMEuuER86LdlgUg9FSeZ8duQb6CUG2iRrA36MYVQBSprTF/ZeAwvyQ5mDGuNvIPM0BIl3w=="
    },
    "make-error": {
      "version": "1.3.6",
      "resolved": "https://registry.npmjs.org/make-error/-/make-error-1.3.6.tgz",
      "integrity": "sha512-s8UhlNe7vPKomQhC1qFelMokr/Sc3AgNbso3n74mVPA5LTZwkB9NlXf4XPamLxJE8h0gh73rM94xvwRT2CVInw=="
    },
    "pkijs": {
      "version": "2.1.95",
      "resolved": "https://registry.npmjs.org/pkijs/-/pkijs-2.1.95.tgz",
      "integrity": "sha512-e+lKETqg/YA1LdX+ld5tTr0VFDWI72XlZc87IGNaMsJX3aVDIC8kBAYOO4agCNSbpUAqjqLMRW5F0R5YQk9Z+Q==",
      "requires": {
        "asn1js": "^2.1.1",
        "bytestreamjs": "^1.0.29",
        "pvutils": "^1.0.17"
      }
    },
    "punycode": {
      "version": "1.4.1",
      "resolved": "https://registry.npmjs.org/punycode/-/punycode-1.4.1.tgz",
      "integrity": "sha1-wNWmOycYgArY4esPpSachN1BhF4="
    },
    "pvtsutils": {
      "version": "1.1.7",
      "resolved": "https://registry.npmjs.org/pvtsutils/-/pvtsutils-1.1.7.tgz",
      "integrity": "sha512-faOiD/XpB/cIebRzYwzYjCmYgiDd53YEBni+Mt1+8/HlrARHYBpsU2OHOt3EZ1ZhfRNxPL0dH3K/vKaMgNWVGA==",
      "requires": {
        "tslib": "^2.2.0"
      }
    },
    "pvutils": {
      "version": "1.0.17",
      "resolved": "https://registry.npmjs.org/pvutils/-/pvutils-1.0.17.tgz",
      "integrity": "sha512-wLHYUQxWaXVQvKnwIDWFVKDJku9XDCvyhhxoq8dc5MFdIlRenyPI9eSfEtcvgHgD7FlvCyGAlWgOzRnZD99GZQ=="
    },
    "ramda": {
      "version": "0.25.0",
      "resolved": "https://registry.npmjs.org/ramda/-/ramda-0.25.0.tgz",
      "integrity": "sha512-GXpfrYVPwx3K7RQ6aYT8KPS8XViSXUVJT1ONhoKPE9VAleW42YE+U+8VEyGWt41EnEQW7gwecYJriTI0pKoecQ=="
    },
    "reflect-metadata": {
      "version": "0.1.13",
      "resolved": "https://registry.npmjs.org/reflect-metadata/-/reflect-metadata-0.1.13.tgz",
      "integrity": "sha512-Ts1Y/anZELhSsjMcU605fU9RE4Oi3p5ORujwbIKXfWa+0Zxs510Qrmrce5/Jowq3cHSZSJqBjypxmHarc+vEWg=="
    },
    "source-map": {
      "version": "0.6.1",
      "resolved": "https://registry.npmjs.org/source-map/-/source-map-0.6.1.tgz",
      "integrity": "sha512-UjgapumWlbMhkBgzT7Ykc5YXUT46F0iKu8SGXq0bcwP5dz/h0Plj6enJqjz1Zbq2l5WaqYnrVbwWOWMyF3F47g=="
    },
    "source-map-support": {
      "version": "0.5.19",
      "resolved": "https://registry.npmjs.org/source-map-support/-/source-map-support-0.5.19.tgz",
      "integrity": "sha512-Wonm7zOCIJzBGQdB+thsPar0kYuCIzYvxZwlBa87yi/Mdjv7Tip2cyVbLj5o0cFPN4EVkuTwb3GDDyUx2DGnGw==",
      "requires": {
        "buffer-from": "^1.0.0",
        "source-map": "^0.6.0"
      }
    },
    "text-encoding": {
      "version": "0.7.0",
      "resolved": "https://registry.npmjs.org/text-encoding/-/text-encoding-0.7.0.tgz",
      "integrity": "sha512-oJQ3f1hrOnbRLOcwKz0Liq2IcrvDeZRHXhd9RgLrsT+DjWY/nty1Hi7v3dtkaEYbPYe0mUoOfzRrMwfXXwgPUA=="
    },
    "ts-node": {
      "version": "10.0.0",
      "resolved": "https://registry.npmjs.org/ts-node/-/ts-node-10.0.0.tgz",
      "integrity": "sha512-ROWeOIUvfFbPZkoDis0L/55Fk+6gFQNZwwKPLinacRl6tsxstTF1DbAcLKkovwnpKMVvOMHP1TIbnwXwtLg1gg==",
      "requires": {
        "@tsconfig/node10": "^1.0.7",
        "@tsconfig/node12": "^1.0.7",
        "@tsconfig/node14": "^1.0.0",
        "@tsconfig/node16": "^1.0.1",
        "arg": "^4.1.0",
        "create-require": "^1.1.0",
        "diff": "^4.0.1",
        "make-error": "^1.1.1",
        "source-map-support": "^0.5.17",
        "yn": "3.1.1"
      }
    },
    "tslib": {
      "version": "2.2.0",
      "resolved": "https://registry.npmjs.org/tslib/-/tslib-2.2.0.tgz",
      "integrity": "sha512-gS9GVHRU+RGn5KQM2rllAlR3dU6m7AcpJKdtH8gFvQiC4Otgk98XnmMU+nZenHt/+VhnBPWwgrJsyrdcw6i23w=="
    },
    "tsyringe": {
      "version": "4.5.0",
      "resolved": "https://registry.npmjs.org/tsyringe/-/tsyringe-4.5.0.tgz",
      "integrity": "sha512-XvYgdUxkmGQfpCkKyr/ybJx71OLSnNec1SO0xdohMjaS2UOEyKi76YfKx92XUXgc1TocypHENg6y4wCyYyMKag==",
      "requires": {
        "tslib": "^1.9.3"
      },
      "dependencies": {
        "tslib": {
          "version": "1.14.1",
          "resolved": "https://registry.npmjs.org/tslib/-/tslib-1.14.1.tgz",
          "integrity": "sha512-Xni35NKzjgMrwevysHTCArtLDpPvye8zV/0E4EyYn43P7/7qvQwPh9BGkHewbMulVntbigmcT7rdX3BNo9wRJg=="
        }
      }
    },
    "typescript": {
      "version": "4.2.4",
      "resolved": "https://registry.npmjs.org/typescript/-/typescript-4.2.4.tgz",
      "integrity": "sha512-V+evlYHZnQkaz8TRBuxTA92yZBPotr5H+WhQ7bD3hZUndx5tGOa1fuCgeSjxAzM1RiN5IzvadIXTVefuuwZCRg=="
    },
    "webcrypto-core": {
      "version": "1.2.0",
      "resolved": "https://registry.npmjs.org/webcrypto-core/-/webcrypto-core-1.2.0.tgz",
      "integrity": "sha512-p76Z/YLuE4CHCRdc49FB/ETaM4bzM3roqWNJeGs+QNY1fOTzKTOVnhmudW1fuO+5EZg6/4LG9NJ6gaAyxTk9XQ==",
      "requires": {
        "@peculiar/asn1-schema": "^2.0.27",
        "@peculiar/json-schema": "^1.1.12",
        "asn1js": "^2.0.26",
        "pvtsutils": "^1.1.2",
        "tslib": "^2.1.0"
      }
    },
    "yn": {
      "version": "3.1.1",
      "resolved": "https://registry.npmjs.org/yn/-/yn-3.1.1.tgz",
      "integrity": "sha512-Ux4ygGWsu2c7isFWe8Yu1YluJmqVhxqK2cLXNQA5AcC3QfbGNpM7fu0Y8b/z16pXLnFxZYvWhd3fhBY9DLmC6Q=="
    }
  }
}
